// !$*UTF8*$!
{
	archiveVersion = 1;
	classes = {
	};
	objectVersion = 46;
	objects = {

/* Begin PBXBuildFile section */
		4924F44C16F51522002796E1 /* ItemCollection.m in Sources */ = {isa = PBXBuildFile; fileRef = 4924F44B16F51522002796E1 /* ItemCollection.m */; };
		4924F45016F516FC002796E1 /* All.data in Resources */ = {isa = PBXBuildFile; fileRef = 4924F44F16F516FC002796E1 /* All.data */; };
		55910BF216F4397800175880 /* UIKit.framework in Frameworks */ = {isa = PBXBuildFile; fileRef = 55910BF116F4397800175880 /* UIKit.framework */; };
		55910BF416F4397800175880 /* Foundation.framework in Frameworks */ = {isa = PBXBuildFile; fileRef = 55910BF316F4397800175880 /* Foundation.framework */; };
		55910BF616F4397800175880 /* CoreGraphics.framework in Frameworks */ = {isa = PBXBuildFile; fileRef = 55910BF516F4397800175880 /* CoreGraphics.framework */; };
		55910BFC16F4397800175880 /* InfoPlist.strings in Resources */ = {isa = PBXBuildFile; fileRef = 55910BFA16F4397800175880 /* InfoPlist.strings */; };
		55910BFF16F4397800175880 /* main.m in Sources */ = {isa = PBXBuildFile; fileRef = 55910BFE16F4397800175880 /* main.m */; };
		55910C0216F4397800175880 /* TalkBackAppDelegate.m in Sources */ = {isa = PBXBuildFile; fileRef = 55910C0116F4397800175880 /* TalkBackAppDelegate.m */; };
		55910C0516F4397900175880 /* MainWindow.xib in Resources */ = {isa = PBXBuildFile; fileRef = 55910C0316F4397900175880 /* MainWindow.xib */; };
		55910C0816F4397900175880 /* TalkBackViewController.m in Sources */ = {isa = PBXBuildFile; fileRef = 55910C0716F4397900175880 /* TalkBackViewController.m */; };
		55910C0B16F4397900175880 /* TalkBackViewController.xib in Resources */ = {isa = PBXBuildFile; fileRef = 55910C0916F4397900175880 /* TalkBackViewController.xib */; };
		8531A69C16F5136000893996 /* Item.m in Sources */ = {isa = PBXBuildFile; fileRef = 8531A69B16F5136000893996 /* Item.m */; };
		8531A84F16F568D300893996 /* DOG_01.png in Resources */ = {isa = PBXBuildFile; fileRef = 8531A84716F568D300893996 /* DOG_01.png */; };
		8531A85016F568D300893996 /* DOG_02.png in Resources */ = {isa = PBXBuildFile; fileRef = 8531A84816F568D300893996 /* DOG_02.png */; };
		8531A85116F568D300893996 /* DOG_03.png in Resources */ = {isa = PBXBuildFile; fileRef = 8531A84916F568D300893996 /* DOG_03.png */; };
		8531A85216F568D300893996 /* DOG_04.png in Resources */ = {isa = PBXBuildFile; fileRef = 8531A84A16F568D300893996 /* DOG_04.png */; };
		8531A85316F568D300893996 /* DOG_05.png in Resources */ = {isa = PBXBuildFile; fileRef = 8531A84B16F568D300893996 /* DOG_05.png */; };
		8531A85416F568D300893996 /* DOG_06.png in Resources */ = {isa = PBXBuildFile; fileRef = 8531A84C16F568D300893996 /* DOG_06.png */; };
		8531A85516F568D300893996 /* DOG_07.png in Resources */ = {isa = PBXBuildFile; fileRef = 8531A84D16F568D300893996 /* DOG_07.png */; };
		8531A85616F568D300893996 /* DOG_08.png in Resources */ = {isa = PBXBuildFile; fileRef = 8531A84E16F568D300893996 /* DOG_08.png */; };
		8531A86116F568E200893996 /* POPCORN_01.png in Resources */ = {isa = PBXBuildFile; fileRef = 8531A85716F568E200893996 /* POPCORN_01.png */; };
		8531A86216F568E200893996 /* POPCORN_02.png in Resources */ = {isa = PBXBuildFile; fileRef = 8531A85816F568E200893996 /* POPCORN_02.png */; };
		8531A86316F568E200893996 /* POPCORN_03.png in Resources */ = {isa = PBXBuildFile; fileRef = 8531A85916F568E200893996 /* POPCORN_03.png */; };
		8531A86416F568E200893996 /* POPCORN_04.png in Resources */ = {isa = PBXBuildFile; fileRef = 8531A85A16F568E200893996 /* POPCORN_04.png */; };
		8531A86516F568E200893996 /* POPCORN_05.png in Resources */ = {isa = PBXBuildFile; fileRef = 8531A85B16F568E200893996 /* POPCORN_05.png */; };
		8531A86616F568E200893996 /* POPCORN_06.png in Resources */ = {isa = PBXBuildFile; fileRef = 8531A85C16F568E200893996 /* POPCORN_06.png */; };
		8531A86716F568E200893996 /* POPCORN_07.png in Resources */ = {isa = PBXBuildFile; fileRef = 8531A85D16F568E200893996 /* POPCORN_07.png */; };
		8531A86816F568E200893996 /* POPCORN_08.png in Resources */ = {isa = PBXBuildFile; fileRef = 8531A85E16F568E200893996 /* POPCORN_08.png */; };
		8531A86916F568E200893996 /* POPCORN_09.png in Resources */ = {isa = PBXBuildFile; fileRef = 8531A85F16F568E200893996 /* POPCORN_09.png */; };
		8531A86A16F568E200893996 /* POPCORN_10.png in Resources */ = {isa = PBXBuildFile; fileRef = 8531A86016F568E200893996 /* POPCORN_10.png */; };
		8531A87E16F568F800893996 /* BALL_00.png in Resources */ = {isa = PBXBuildFile; fileRef = 8531A86B16F568F800893996 /* BALL_00.png */; };
		8531A87F16F568F800893996 /* BALL_01.png in Resources */ = {isa = PBXBuildFile; fileRef = 8531A86C16F568F800893996 /* BALL_01.png */; };
		8531A88016F568F800893996 /* BALL_02.png in Resources */ = {isa = PBXBuildFile; fileRef = 8531A86D16F568F800893996 /* BALL_02.png */; };
		8531A88116F568F800893996 /* BALL_03.png in Resources */ = {isa = PBXBuildFile; fileRef = 8531A86E16F568F800893996 /* BALL_03.png */; };
		8531A88216F568F800893996 /* BALL_04.png in Resources */ = {isa = PBXBuildFile; fileRef = 8531A86F16F568F800893996 /* BALL_04.png */; };
		8531A88316F568F800893996 /* BALL_05.png in Resources */ = {isa = PBXBuildFile; fileRef = 8531A87016F568F800893996 /* BALL_05.png */; };
		8531A88416F568F800893996 /* BALL_06.png in Resources */ = {isa = PBXBuildFile; fileRef = 8531A87116F568F800893996 /* BALL_06.png */; };
		8531A88516F568F800893996 /* BALL_07.png in Resources */ = {isa = PBXBuildFile; fileRef = 8531A87216F568F800893996 /* BALL_07.png */; };
		8531A88616F568F800893996 /* BALL_08.png in Resources */ = {isa = PBXBuildFile; fileRef = 8531A87316F568F800893996 /* BALL_08.png */; };
		8531A88716F568F800893996 /* BALL_09.png in Resources */ = {isa = PBXBuildFile; fileRef = 8531A87416F568F800893996 /* BALL_09.png */; };
		8531A88816F568F800893996 /* BALL_10.png in Resources */ = {isa = PBXBuildFile; fileRef = 8531A87516F568F800893996 /* BALL_10.png */; };
		8531A88916F568F800893996 /* BALL_11.png in Resources */ = {isa = PBXBuildFile; fileRef = 8531A87616F568F800893996 /* BALL_11.png */; };
		8531A88A16F568F800893996 /* BALL_12.png in Resources */ = {isa = PBXBuildFile; fileRef = 8531A87716F568F800893996 /* BALL_12.png */; };
		8531A88B16F568F800893996 /* BALL_13.png in Resources */ = {isa = PBXBuildFile; fileRef = 8531A87816F568F800893996 /* BALL_13.png */; };
		8531A88C16F568F800893996 /* BALL_14.png in Resources */ = {isa = PBXBuildFile; fileRef = 8531A87916F568F800893996 /* BALL_14.png */; };
		8531A88D16F568F800893996 /* BALL_15.png in Resources */ = {isa = PBXBuildFile; fileRef = 8531A87A16F568F800893996 /* BALL_15.png */; };
		8531A88E16F568F800893996 /* BALL_16.png in Resources */ = {isa = PBXBuildFile; fileRef = 8531A87B16F568F800893996 /* BALL_16.png */; };
		8531A88F16F568F800893996 /* BALL_17.png in Resources */ = {isa = PBXBuildFile; fileRef = 8531A87C16F568F800893996 /* BALL_17.png */; };
		8531A89016F568F800893996 /* BALL_18.png in Resources */ = {isa = PBXBuildFile; fileRef = 8531A87D16F568F800893996 /* BALL_18.png */; };
		8531A95816F5797500893996 /* COMPUTER_01.png in Resources */ = {isa = PBXBuildFile; fileRef = 8531A94E16F5797500893996 /* COMPUTER_01.png */; };
		8531A95916F5797500893996 /* COMPUTER_02.png in Resources */ = {isa = PBXBuildFile; fileRef = 8531A94F16F5797500893996 /* COMPUTER_02.png */; };
		8531A95A16F5797500893996 /* COMPUTER_03.png in Resources */ = {isa = PBXBuildFile; fileRef = 8531A95016F5797500893996 /* COMPUTER_03.png */; };
		8531A95B16F5797500893996 /* COMPUTER_04.png in Resources */ = {isa = PBXBuildFile; fileRef = 8531A95116F5797500893996 /* COMPUTER_04.png */; };
		8531A95C16F5797500893996 /* COMPUTER_05.png in Resources */ = {isa = PBXBuildFile; fileRef = 8531A95216F5797500893996 /* COMPUTER_05.png */; };
		8531A95D16F5797500893996 /* COMPUTER_06.png in Resources */ = {isa = PBXBuildFile; fileRef = 8531A95316F5797500893996 /* COMPUTER_06.png */; };
		8531A95E16F5797500893996 /* COMPUTER_07.png in Resources */ = {isa = PBXBuildFile; fileRef = 8531A95416F5797500893996 /* COMPUTER_07.png */; };
		8531A95F16F5797500893996 /* COMPUTER_08.png in Resources */ = {isa = PBXBuildFile; fileRef = 8531A95516F5797500893996 /* COMPUTER_08.png */; };
		8531A96016F5797500893996 /* COMPUTER_09.png in Resources */ = {isa = PBXBuildFile; fileRef = 8531A95616F5797500893996 /* COMPUTER_09.png */; };
		8531A96116F5797500893996 /* COMPUTER_10.png in Resources */ = {isa = PBXBuildFile; fileRef = 8531A95716F5797500893996 /* COMPUTER_10.png */; };
		8531AA8616F58ED600893996 /* TOYS.data in Resources */ = {isa = PBXBuildFile; fileRef = 8531AA8516F58ED600893996 /* TOYS.data */; };
		8531AA8816F58F3200893996 /* FOOD.data in Resources */ = {isa = PBXBuildFile; fileRef = 8531AA8716F58F3200893996 /* FOOD.data */; };
		8531AA8A16F58F5600893996 /* ANIMALS.data in Resources */ = {isa = PBXBuildFile; fileRef = 8531AA8916F58F5600893996 /* ANIMALS.data */; };
		8531AABD16F59ABF00893996 /* JUICE_000.png in Resources */ = {isa = PBXBuildFile; fileRef = 8531AABB16F59ABF00893996 /* JUICE_000.png */; };
		8531AABE16F59ABF00893996 /* JUICE_001.png in Resources */ = {isa = PBXBuildFile; fileRef = 8531AABC16F59ABF00893996 /* JUICE_001.png */; };
		8540786E16F44E1C00021164 /* AVFoundation.framework in Frameworks */ = {isa = PBXBuildFile; fileRef = 8540786D16F44E1C00021164 /* AVFoundation.framework */; };
		8540787416F44E2800021164 /* AudioToolbox.framework in Frameworks */ = {isa = PBXBuildFile; fileRef = 8540787316F44E2800021164 /* AudioToolbox.framework */; };
		8540788816F44E3F00021164 /* cmu07a.dic in Resources */ = {isa = PBXBuildFile; fileRef = 8540787816F44E3E00021164 /* cmu07a.dic */; };
		8540788916F44E3F00021164 /* feat.params in Resources */ = {isa = PBXBuildFile; fileRef = 8540787A16F44E3E00021164 /* feat.params */; };
		8540788A16F44E3F00021164 /* mdef in Resources */ = {isa = PBXBuildFile; fileRef = 8540787B16F44E3E00021164 /* mdef */; };
		8540788B16F44E3F00021164 /* means in Resources */ = {isa = PBXBuildFile; fileRef = 8540787C16F44E3E00021164 /* means */; };
		8540788C16F44E3F00021164 /* noisedict in Resources */ = {isa = PBXBuildFile; fileRef = 8540787D16F44E3E00021164 /* noisedict */; };
		8540788D16F44E3F00021164 /* sendump in Resources */ = {isa = PBXBuildFile; fileRef = 8540787E16F44E3E00021164 /* sendump */; };
		8540788E16F44E3F00021164 /* transition_matrices in Resources */ = {isa = PBXBuildFile; fileRef = 8540787F16F44E3E00021164 /* transition_matrices */; };
		8540788F16F44E3F00021164 /* variances in Resources */ = {isa = PBXBuildFile; fileRef = 8540788016F44E3E00021164 /* variances */; };
		8540789016F44E3F00021164 /* OpenEars.framework in Frameworks */ = {isa = PBXBuildFile; fileRef = 8540788116F44E3F00021164 /* OpenEars.framework */; };
		8540789116F44E3F00021164 /* OpenEars1.dic in Resources */ = {isa = PBXBuildFile; fileRef = 8540788216F44E3F00021164 /* OpenEars1.dic */; };
		8540789216F44E3F00021164 /* OpenEars1.gram in Resources */ = {isa = PBXBuildFile; fileRef = 8540788316F44E3F00021164 /* OpenEars1.gram */; };
		8540789316F44E3F00021164 /* OpenEars1.languagemodel in Resources */ = {isa = PBXBuildFile; fileRef = 8540788416F44E3F00021164 /* OpenEars1.languagemodel */; };
		8540789416F44E3F00021164 /* OpenEars2.gram in Resources */ = {isa = PBXBuildFile; fileRef = 8540788516F44E3F00021164 /* OpenEars2.gram */; };
		8540789516F44E3F00021164 /* OpenEarsCorpus.txt in Resources */ = {isa = PBXBuildFile; fileRef = 8540788616F44E3F00021164 /* OpenEarsCorpus.txt */; };
		8540789616F44E3F00021164 /* Slt.framework in Frameworks */ = {isa = PBXBuildFile; fileRef = 8540788716F44E3F00021164 /* Slt.framework */; };
/* End PBXBuildFile section */

/* Begin PBXFileReference section */
		4924F44A16F51522002796E1 /* ItemCollection.h */ = {isa = PBXFileReference; fileEncoding = 4; lastKnownFileType = sourcecode.c.h; path = ItemCollection.h; sourceTree = "<group>"; };
		4924F44B16F51522002796E1 /* ItemCollection.m */ = {isa = PBXFileReference; fileEncoding = 4; lastKnownFileType = sourcecode.c.objc; path = ItemCollection.m; sourceTree = "<group>"; };
		4924F44F16F516FC002796E1 /* All.data */ = {isa = PBXFileReference; fileEncoding = 4; lastKnownFileType = text; path = All.data; sourceTree = "<group>"; };
		55910BED16F4397800175880 /* TalkBack.app */ = {isa = PBXFileReference; explicitFileType = wrapper.application; includeInIndex = 0; path = TalkBack.app; sourceTree = BUILT_PRODUCTS_DIR; };
		55910BF116F4397800175880 /* UIKit.framework */ = {isa = PBXFileReference; lastKnownFileType = wrapper.framework; name = UIKit.framework; path = System/Library/Frameworks/UIKit.framework; sourceTree = SDKROOT; };
		55910BF316F4397800175880 /* Foundation.framework */ = {isa = PBXFileReference; lastKnownFileType = wrapper.framework; name = Foundation.framework; path = System/Library/Frameworks/Foundation.framework; sourceTree = SDKROOT; };
		55910BF516F4397800175880 /* CoreGraphics.framework */ = {isa = PBXFileReference; lastKnownFileType = wrapper.framework; name = CoreGraphics.framework; path = System/Library/Frameworks/CoreGraphics.framework; sourceTree = SDKROOT; };
		55910BF916F4397800175880 /* TalkBack-Info.plist */ = {isa = PBXFileReference; lastKnownFileType = text.plist.xml; path = "TalkBack-Info.plist"; sourceTree = "<group>"; };
		55910BFB16F4397800175880 /* en */ = {isa = PBXFileReference; lastKnownFileType = text.plist.strings; name = en; path = en.lproj/InfoPlist.strings; sourceTree = "<group>"; };
		55910BFD16F4397800175880 /* TalkBack-Prefix.pch */ = {isa = PBXFileReference; lastKnownFileType = sourcecode.c.h; path = "TalkBack-Prefix.pch"; sourceTree = "<group>"; };
		55910BFE16F4397800175880 /* main.m */ = {isa = PBXFileReference; lastKnownFileType = sourcecode.c.objc; path = main.m; sourceTree = "<group>"; };
		55910C0016F4397800175880 /* TalkBackAppDelegate.h */ = {isa = PBXFileReference; lastKnownFileType = sourcecode.c.h; path = TalkBackAppDelegate.h; sourceTree = "<group>"; };
		55910C0116F4397800175880 /* TalkBackAppDelegate.m */ = {isa = PBXFileReference; lastKnownFileType = sourcecode.c.objc; path = TalkBackAppDelegate.m; sourceTree = "<group>"; };
		55910C0416F4397900175880 /* en */ = {isa = PBXFileReference; lastKnownFileType = file.xib; name = en; path = en.lproj/MainWindow.xib; sourceTree = "<group>"; };
		55910C0616F4397900175880 /* TalkBackViewController.h */ = {isa = PBXFileReference; lastKnownFileType = sourcecode.c.h; path = TalkBackViewController.h; sourceTree = "<group>"; };
		55910C0716F4397900175880 /* TalkBackViewController.m */ = {isa = PBXFileReference; lastKnownFileType = sourcecode.c.objc; path = TalkBackViewController.m; sourceTree = "<group>"; };
		55910C0A16F4397900175880 /* en */ = {isa = PBXFileReference; lastKnownFileType = file.xib; name = en; path = en.lproj/TalkBackViewController.xib; sourceTree = "<group>"; };
		8531A69A16F5136000893996 /* Item.h */ = {isa = PBXFileReference; fileEncoding = 4; lastKnownFileType = sourcecode.c.h; path = Item.h; sourceTree = "<group>"; };
		8531A69B16F5136000893996 /* Item.m */ = {isa = PBXFileReference; fileEncoding = 4; lastKnownFileType = sourcecode.c.objc; path = Item.m; sourceTree = "<group>"; };
		8531A84716F568D300893996 /* DOG_01.png */ = {isa = PBXFileReference; lastKnownFileType = image.png; name = DOG_01.png; path = media/DOG_01.png; sourceTree = "<group>"; };
		8531A84816F568D300893996 /* DOG_02.png */ = {isa = PBXFileReference; lastKnownFileType = image.png; name = DOG_02.png; path = media/DOG_02.png; sourceTree = "<group>"; };
		8531A84916F568D300893996 /* DOG_03.png */ = {isa = PBXFileReference; lastKnownFileType = image.png; name = DOG_03.png; path = media/DOG_03.png; sourceTree = "<group>"; };
		8531A84A16F568D300893996 /* DOG_04.png */ = {isa = PBXFileReference; lastKnownFileType = image.png; name = DOG_04.png; path = media/DOG_04.png; sourceTree = "<group>"; };
		8531A84B16F568D300893996 /* DOG_05.png */ = {isa = PBXFileReference; lastKnownFileType = image.png; name = DOG_05.png; path = media/DOG_05.png; sourceTree = "<group>"; };
		8531A84C16F568D300893996 /* DOG_06.png */ = {isa = PBXFileReference; lastKnownFileType = image.png; name = DOG_06.png; path = media/DOG_06.png; sourceTree = "<group>"; };
		8531A84D16F568D300893996 /* DOG_07.png */ = {isa = PBXFileReference; lastKnownFileType = image.png; name = DOG_07.png; path = media/DOG_07.png; sourceTree = "<group>"; };
		8531A84E16F568D300893996 /* DOG_08.png */ = {isa = PBXFileReference; lastKnownFileType = image.png; name = DOG_08.png; path = media/DOG_08.png; sourceTree = "<group>"; };
		8531A85716F568E200893996 /* POPCORN_01.png */ = {isa = PBXFileReference; lastKnownFileType = image.png; name = POPCORN_01.png; path = media/POPCORN_01.png; sourceTree = "<group>"; };
		8531A85816F568E200893996 /* POPCORN_02.png */ = {isa = PBXFileReference; lastKnownFileType = image.png; name = POPCORN_02.png; path = media/POPCORN_02.png; sourceTree = "<group>"; };
		8531A85916F568E200893996 /* POPCORN_03.png */ = {isa = PBXFileReference; lastKnownFileType = image.png; name = POPCORN_03.png; path = media/POPCORN_03.png; sourceTree = "<group>"; };
		8531A85A16F568E200893996 /* POPCORN_04.png */ = {isa = PBXFileReference; lastKnownFileType = image.png; name = POPCORN_04.png; path = media/POPCORN_04.png; sourceTree = "<group>"; };
		8531A85B16F568E200893996 /* POPCORN_05.png */ = {isa = PBXFileReference; lastKnownFileType = image.png; name = POPCORN_05.png; path = media/POPCORN_05.png; sourceTree = "<group>"; };
		8531A85C16F568E200893996 /* POPCORN_06.png */ = {isa = PBXFileReference; lastKnownFileType = image.png; name = POPCORN_06.png; path = media/POPCORN_06.png; sourceTree = "<group>"; };
		8531A85D16F568E200893996 /* POPCORN_07.png */ = {isa = PBXFileReference; lastKnownFileType = image.png; name = POPCORN_07.png; path = media/POPCORN_07.png; sourceTree = "<group>"; };
		8531A85E16F568E200893996 /* POPCORN_08.png */ = {isa = PBXFileReference; lastKnownFileType = image.png; name = POPCORN_08.png; path = media/POPCORN_08.png; sourceTree = "<group>"; };
		8531A85F16F568E200893996 /* POPCORN_09.png */ = {isa = PBXFileReference; lastKnownFileType = image.png; name = POPCORN_09.png; path = media/POPCORN_09.png; sourceTree = "<group>"; };
		8531A86016F568E200893996 /* POPCORN_10.png */ = {isa = PBXFileReference; lastKnownFileType = image.png; name = POPCORN_10.png; path = media/POPCORN_10.png; sourceTree = "<group>"; };
		8531A86B16F568F800893996 /* BALL_00.png */ = {isa = PBXFileReference; lastKnownFileType = image.png; name = BALL_00.png; path = media/BALL_00.png; sourceTree = "<group>"; };
		8531A86C16F568F800893996 /* BALL_01.png */ = {isa = PBXFileReference; lastKnownFileType = image.png; name = BALL_01.png; path = media/BALL_01.png; sourceTree = "<group>"; };
		8531A86D16F568F800893996 /* BALL_02.png */ = {isa = PBXFileReference; lastKnownFileType = image.png; name = BALL_02.png; path = media/BALL_02.png; sourceTree = "<group>"; };
		8531A86E16F568F800893996 /* BALL_03.png */ = {isa = PBXFileReference; lastKnownFileType = image.png; name = BALL_03.png; path = media/BALL_03.png; sourceTree = "<group>"; };
		8531A86F16F568F800893996 /* BALL_04.png */ = {isa = PBXFileReference; lastKnownFileType = image.png; name = BALL_04.png; path = media/BALL_04.png; sourceTree = "<group>"; };
		8531A87016F568F800893996 /* BALL_05.png */ = {isa = PBXFileReference; lastKnownFileType = image.png; name = BALL_05.png; path = media/BALL_05.png; sourceTree = "<group>"; };
		8531A87116F568F800893996 /* BALL_06.png */ = {isa = PBXFileReference; lastKnownFileType = image.png; name = BALL_06.png; path = media/BALL_06.png; sourceTree = "<group>"; };
		8531A87216F568F800893996 /* BALL_07.png */ = {isa = PBXFileReference; lastKnownFileType = image.png; name = BALL_07.png; path = media/BALL_07.png; sourceTree = "<group>"; };
		8531A87316F568F800893996 /* BALL_08.png */ = {isa = PBXFileReference; lastKnownFileType = image.png; name = BALL_08.png; path = media/BALL_08.png; sourceTree = "<group>"; };
		8531A87416F568F800893996 /* BALL_09.png */ = {isa = PBXFileReference; lastKnownFileType = image.png; name = BALL_09.png; path = media/BALL_09.png; sourceTree = "<group>"; };
		8531A87516F568F800893996 /* BALL_10.png */ = {isa = PBXFileReference; lastKnownFileType = image.png; name = BALL_10.png; path = media/BALL_10.png; sourceTree = "<group>"; };
		8531A87616F568F800893996 /* BALL_11.png */ = {isa = PBXFileReference; lastKnownFileType = image.png; name = BALL_11.png; path = media/BALL_11.png; sourceTree = "<group>"; };
		8531A87716F568F800893996 /* BALL_12.png */ = {isa = PBXFileReference; lastKnownFileType = image.png; name = BALL_12.png; path = media/BALL_12.png; sourceTree = "<group>"; };
		8531A87816F568F800893996 /* BALL_13.png */ = {isa = PBXFileReference; lastKnownFileType = image.png; name = BALL_13.png; path = media/BALL_13.png; sourceTree = "<group>"; };
		8531A87916F568F800893996 /* BALL_14.png */ = {isa = PBXFileReference; lastKnownFileType = image.png; name = BALL_14.png; path = media/BALL_14.png; sourceTree = "<group>"; };
		8531A87A16F568F800893996 /* BALL_15.png */ = {isa = PBXFileReference; lastKnownFileType = image.png; name = BALL_15.png; path = media/BALL_15.png; sourceTree = "<group>"; };
		8531A87B16F568F800893996 /* BALL_16.png */ = {isa = PBXFileReference; lastKnownFileType = image.png; name = BALL_16.png; path = media/BALL_16.png; sourceTree = "<group>"; };
		8531A87C16F568F800893996 /* BALL_17.png */ = {isa = PBXFileReference; lastKnownFileType = image.png; name = BALL_17.png; path = media/BALL_17.png; sourceTree = "<group>"; };
		8531A87D16F568F800893996 /* BALL_18.png */ = {isa = PBXFileReference; lastKnownFileType = image.png; name = BALL_18.png; path = media/BALL_18.png; sourceTree = "<group>"; };
		8531A94E16F5797500893996 /* COMPUTER_01.png */ = {isa = PBXFileReference; lastKnownFileType = image.png; name = COMPUTER_01.png; path = media/COMPUTER_01.png; sourceTree = "<group>"; };
		8531A94F16F5797500893996 /* COMPUTER_02.png */ = {isa = PBXFileReference; lastKnownFileType = image.png; name = COMPUTER_02.png; path = media/COMPUTER_02.png; sourceTree = "<group>"; };
		8531A95016F5797500893996 /* COMPUTER_03.png */ = {isa = PBXFileReference; lastKnownFileType = image.png; name = COMPUTER_03.png; path = media/COMPUTER_03.png; sourceTree = "<group>"; };
		8531A95116F5797500893996 /* COMPUTER_04.png */ = {isa = PBXFileReference; lastKnownFileType = image.png; name = COMPUTER_04.png; path = media/COMPUTER_04.png; sourceTree = "<group>"; };
		8531A95216F5797500893996 /* COMPUTER_05.png */ = {isa = PBXFileReference; lastKnownFileType = image.png; name = COMPUTER_05.png; path = media/COMPUTER_05.png; sourceTree = "<group>"; };
		8531A95316F5797500893996 /* COMPUTER_06.png */ = {isa = PBXFileReference; lastKnownFileType = image.png; name = COMPUTER_06.png; path = media/COMPUTER_06.png; sourceTree = "<group>"; };
		8531A95416F5797500893996 /* COMPUTER_07.png */ = {isa = PBXFileReference; lastKnownFileType = image.png; name = COMPUTER_07.png; path = media/COMPUTER_07.png; sourceTree = "<group>"; };
		8531A95516F5797500893996 /* COMPUTER_08.png */ = {isa = PBXFileReference; lastKnownFileType = image.png; name = COMPUTER_08.png; path = media/COMPUTER_08.png; sourceTree = "<group>"; };
		8531A95616F5797500893996 /* COMPUTER_09.png */ = {isa = PBXFileReference; lastKnownFileType = image.png; name = COMPUTER_09.png; path = media/COMPUTER_09.png; sourceTree = "<group>"; };
		8531A95716F5797500893996 /* COMPUTER_10.png */ = {isa = PBXFileReference; lastKnownFileType = image.png; name = COMPUTER_10.png; path = media/COMPUTER_10.png; sourceTree = "<group>"; };
		8531AA8516F58ED600893996 /* TOYS.data */ = {isa = PBXFileReference; fileEncoding = 4; lastKnownFileType = text; path = TOYS.data; sourceTree = "<group>"; };
		8531AA8716F58F3200893996 /* FOOD.data */ = {isa = PBXFileReference; fileEncoding = 4; lastKnownFileType = text; path = FOOD.data; sourceTree = "<group>"; };
		8531AA8916F58F5600893996 /* ANIMALS.data */ = {isa = PBXFileReference; fileEncoding = 4; lastKnownFileType = text; path = ANIMALS.data; sourceTree = "<group>"; };
		8531AABB16F59ABF00893996 /* JUICE_000.png */ = {isa = PBXFileReference; lastKnownFileType = image.png; name = JUICE_000.png; path = media/JUICE_000.png; sourceTree = "<group>"; };
		8531AABC16F59ABF00893996 /* JUICE_001.png */ = {isa = PBXFileReference; lastKnownFileType = image.png; name = JUICE_001.png; path = media/JUICE_001.png; sourceTree = "<group>"; };
		8540786D16F44E1C00021164 /* AVFoundation.framework */ = {isa = PBXFileReference; lastKnownFileType = wrapper.framework; name = AVFoundation.framework; path = System/Library/Frameworks/AVFoundation.framework; sourceTree = SDKROOT; };
		8540787316F44E2800021164 /* AudioToolbox.framework */ = {isa = PBXFileReference; lastKnownFileType = wrapper.framework; name = AudioToolbox.framework; path = System/Library/Frameworks/AudioToolbox.framework; sourceTree = SDKROOT; };
		8540787816F44E3E00021164 /* cmu07a.dic */ = {isa = PBXFileReference; fileEncoding = 4; lastKnownFileType = text; path = cmu07a.dic; sourceTree = "<group>"; };
		8540787A16F44E3E00021164 /* feat.params */ = {isa = PBXFileReference; fileEncoding = 4; lastKnownFileType = text; path = feat.params; sourceTree = "<group>"; };
		8540787B16F44E3E00021164 /* mdef */ = {isa = PBXFileReference; lastKnownFileType = file; path = mdef; sourceTree = "<group>"; };
		8540787C16F44E3E00021164 /* means */ = {isa = PBXFileReference; lastKnownFileType = file; path = means; sourceTree = "<group>"; };
		8540787D16F44E3E00021164 /* noisedict */ = {isa = PBXFileReference; fileEncoding = 4; lastKnownFileType = text; path = noisedict; sourceTree = "<group>"; };
		8540787E16F44E3E00021164 /* sendump */ = {isa = PBXFileReference; lastKnownFileType = file; path = sendump; sourceTree = "<group>"; };
		8540787F16F44E3E00021164 /* transition_matrices */ = {isa = PBXFileReference; lastKnownFileType = file; path = transition_matrices; sourceTree = "<group>"; };
		8540788016F44E3E00021164 /* variances */ = {isa = PBXFileReference; lastKnownFileType = file; path = variances; sourceTree = "<group>"; };
		8540788116F44E3F00021164 /* OpenEars.framework */ = {isa = PBXFileReference; lastKnownFileType = wrapper.framework; path = OpenEars.framework; sourceTree = "<group>"; };
		8540788216F44E3F00021164 /* OpenEars1.dic */ = {isa = PBXFileReference; fileEncoding = 4; lastKnownFileType = text; path = OpenEars1.dic; sourceTree = "<group>"; };
		8540788316F44E3F00021164 /* OpenEars1.gram */ = {isa = PBXFileReference; fileEncoding = 4; lastKnownFileType = text; path = OpenEars1.gram; sourceTree = "<group>"; };
		8540788416F44E3F00021164 /* OpenEars1.languagemodel */ = {isa = PBXFileReference; fileEncoding = 4; lastKnownFileType = text; path = OpenEars1.languagemodel; sourceTree = "<group>"; };
		8540788516F44E3F00021164 /* OpenEars2.gram */ = {isa = PBXFileReference; fileEncoding = 4; lastKnownFileType = text; path = OpenEars2.gram; sourceTree = "<group>"; };
		8540788616F44E3F00021164 /* OpenEarsCorpus.txt */ = {isa = PBXFileReference; fileEncoding = 4; lastKnownFileType = text; path = OpenEarsCorpus.txt; sourceTree = "<group>"; };
		8540788716F44E3F00021164 /* Slt.framework */ = {isa = PBXFileReference; lastKnownFileType = wrapper.framework; path = Slt.framework; sourceTree = "<group>"; };
/* End PBXFileReference section */

/* Begin PBXFrameworksBuildPhase section */
		55910BEA16F4397700175880 /* Frameworks */ = {
			isa = PBXFrameworksBuildPhase;
			buildActionMask = 2147483647;
			files = (
				55910BF216F4397800175880 /* UIKit.framework in Frameworks */,
				55910BF416F4397800175880 /* Foundation.framework in Frameworks */,
				55910BF616F4397800175880 /* CoreGraphics.framework in Frameworks */,
				8540786E16F44E1C00021164 /* AVFoundation.framework in Frameworks */,
				8540787416F44E2800021164 /* AudioToolbox.framework in Frameworks */,
				8540789016F44E3F00021164 /* OpenEars.framework in Frameworks */,
				8540789616F44E3F00021164 /* Slt.framework in Frameworks */,
			);
			runOnlyForDeploymentPostprocessing = 0;
		};
/* End PBXFrameworksBuildPhase section */

/* Begin PBXGroup section */
		4924F44D16F516BA002796E1 /* DataSets */ = {
			isa = PBXGroup;
			children = (
				4924F44E16F516C1002796E1 /* Collections */,
			);
			name = DataSets;
			sourceTree = "<group>";
		};
		4924F44E16F516C1002796E1 /* Collections */ = {
			isa = PBXGroup;
			children = (
				4924F44F16F516FC002796E1 /* All.data */,
				8531AA8516F58ED600893996 /* TOYS.data */,
				8531AA8716F58F3200893996 /* FOOD.data */,
				8531AA8916F58F5600893996 /* ANIMALS.data */,
			);
			name = Collections;
			sourceTree = "<group>";
		};
		55910BE216F4397600175880 = {
			isa = PBXGroup;
			children = (
				4924F44D16F516BA002796E1 /* DataSets */,
				8531A69916F5136000893996 /* Model */,
				8540787716F44E3E00021164 /* Framework */,
				55910C1116F4479000175880 /* Media */,
				55910BF716F4397800175880 /* TalkBack */,
				55910BF016F4397800175880 /* Frameworks */,
				55910BEE16F4397800175880 /* Products */,
				8540786D16F44E1C00021164 /* AVFoundation.framework */,
				8540787316F44E2800021164 /* AudioToolbox.framework */,
			);
			sourceTree = "<group>";
		};
		55910BEE16F4397800175880 /* Products */ = {
			isa = PBXGroup;
			children = (
				55910BED16F4397800175880 /* TalkBack.app */,
			);
			name = Products;
			sourceTree = "<group>";
		};
		55910BF016F4397800175880 /* Frameworks */ = {
			isa = PBXGroup;
			children = (
				55910BF116F4397800175880 /* UIKit.framework */,
				55910BF316F4397800175880 /* Foundation.framework */,
				55910BF516F4397800175880 /* CoreGraphics.framework */,
			);
			name = Frameworks;
			sourceTree = "<group>";
		};
		55910BF716F4397800175880 /* TalkBack */ = {
			isa = PBXGroup;
			children = (
				55910C0016F4397800175880 /* TalkBackAppDelegate.h */,
				55910C0116F4397800175880 /* TalkBackAppDelegate.m */,
				55910C0316F4397900175880 /* MainWindow.xib */,
				55910C0616F4397900175880 /* TalkBackViewController.h */,
				55910C0716F4397900175880 /* TalkBackViewController.m */,
				55910C0916F4397900175880 /* TalkBackViewController.xib */,
				55910BF816F4397800175880 /* Supporting Files */,
			);
			path = TalkBack;
			sourceTree = "<group>";
		};
		55910BF816F4397800175880 /* Supporting Files */ = {
			isa = PBXGroup;
			children = (
				55910BF916F4397800175880 /* TalkBack-Info.plist */,
				55910BFA16F4397800175880 /* InfoPlist.strings */,
				55910BFD16F4397800175880 /* TalkBack-Prefix.pch */,
				55910BFE16F4397800175880 /* main.m */,
			);
			name = "Supporting Files";
			sourceTree = "<group>";
		};
		55910C1116F4479000175880 /* Media */ = {
			isa = PBXGroup;
			children = (
				8531AABB16F59ABF00893996 /* JUICE_000.png */,
				8531AABC16F59ABF00893996 /* JUICE_001.png */,
				8531A94E16F5797500893996 /* COMPUTER_01.png */,
				8531A94F16F5797500893996 /* COMPUTER_02.png */,
				8531A95016F5797500893996 /* COMPUTER_03.png */,
				8531A95116F5797500893996 /* COMPUTER_04.png */,
				8531A95216F5797500893996 /* COMPUTER_05.png */,
				8531A95316F5797500893996 /* COMPUTER_06.png */,
				8531A95416F5797500893996 /* COMPUTER_07.png */,
				8531A95516F5797500893996 /* COMPUTER_08.png */,
				8531A95616F5797500893996 /* COMPUTER_09.png */,
				8531A95716F5797500893996 /* COMPUTER_10.png */,
				8531A86B16F568F800893996 /* BALL_00.png */,
				8531A86C16F568F800893996 /* BALL_01.png */,
				8531A86D16F568F800893996 /* BALL_02.png */,
				8531A86E16F568F800893996 /* BALL_03.png */,
				8531A86F16F568F800893996 /* BALL_04.png */,
				8531A87016F568F800893996 /* BALL_05.png */,
				8531A87116F568F800893996 /* BALL_06.png */,
				8531A87216F568F800893996 /* BALL_07.png */,
				8531A87316F568F800893996 /* BALL_08.png */,
				8531A87416F568F800893996 /* BALL_09.png */,
				8531A87516F568F800893996 /* BALL_10.png */,
				8531A87616F568F800893996 /* BALL_11.png */,
				8531A87716F568F800893996 /* BALL_12.png */,
				8531A87816F568F800893996 /* BALL_13.png */,
				8531A87916F568F800893996 /* BALL_14.png */,
				8531A87A16F568F800893996 /* BALL_15.png */,
				8531A87B16F568F800893996 /* BALL_16.png */,
				8531A87C16F568F800893996 /* BALL_17.png */,
				8531A87D16F568F800893996 /* BALL_18.png */,
				8531A85716F568E200893996 /* POPCORN_01.png */,
				8531A85816F568E200893996 /* POPCORN_02.png */,
				8531A85916F568E200893996 /* POPCORN_03.png */,
				8531A85A16F568E200893996 /* POPCORN_04.png */,
				8531A85B16F568E200893996 /* POPCORN_05.png */,
				8531A85C16F568E200893996 /* POPCORN_06.png */,
				8531A85D16F568E200893996 /* POPCORN_07.png */,
				8531A85E16F568E200893996 /* POPCORN_08.png */,
				8531A85F16F568E200893996 /* POPCORN_09.png */,
				8531A86016F568E200893996 /* POPCORN_10.png */,
				8531A84716F568D300893996 /* DOG_01.png */,
				8531A84816F568D300893996 /* DOG_02.png */,
				8531A84916F568D300893996 /* DOG_03.png */,
				8531A84A16F568D300893996 /* DOG_04.png */,
				8531A84B16F568D300893996 /* DOG_05.png */,
				8531A84C16F568D300893996 /* DOG_06.png */,
				8531A84D16F568D300893996 /* DOG_07.png */,
				8531A84E16F568D300893996 /* DOG_08.png */,
			);
			name = Media;
			sourceTree = "<group>";
		};
		8531A69916F5136000893996 /* Model */ = {
			isa = PBXGroup;
			children = (
				8531A69A16F5136000893996 /* Item.h */,
				8531A69B16F5136000893996 /* Item.m */,
				4924F44A16F51522002796E1 /* ItemCollection.h */,
				4924F44B16F51522002796E1 /* ItemCollection.m */,
			);
			path = Model;
			sourceTree = "<group>";
		};
		8540787716F44E3E00021164 /* Framework */ = {
			isa = PBXGroup;
			children = (
				8540787816F44E3E00021164 /* cmu07a.dic */,
				8540787916F44E3E00021164 /* hub4wsj_sc_8k */,
				8540788116F44E3F00021164 /* OpenEars.framework */,
				8540788216F44E3F00021164 /* OpenEars1.dic */,
				8540788316F44E3F00021164 /* OpenEars1.gram */,
				8540788416F44E3F00021164 /* OpenEars1.languagemodel */,
				8540788516F44E3F00021164 /* OpenEars2.gram */,
				8540788616F44E3F00021164 /* OpenEarsCorpus.txt */,
				8540788716F44E3F00021164 /* Slt.framework */,
			);
			path = Framework;
			sourceTree = "<group>";
		};
		8540787916F44E3E00021164 /* hub4wsj_sc_8k */ = {
			isa = PBXGroup;
			children = (
				8540787A16F44E3E00021164 /* feat.params */,
				8540787B16F44E3E00021164 /* mdef */,
				8540787C16F44E3E00021164 /* means */,
				8540787D16F44E3E00021164 /* noisedict */,
				8540787E16F44E3E00021164 /* sendump */,
				8540787F16F44E3E00021164 /* transition_matrices */,
				8540788016F44E3E00021164 /* variances */,
			);
			path = hub4wsj_sc_8k;
			sourceTree = "<group>";
		};
/* End PBXGroup section */

/* Begin PBXNativeTarget section */
		55910BEC16F4397700175880 /* TalkBack */ = {
			isa = PBXNativeTarget;
			buildConfigurationList = 55910C0E16F4397900175880 /* Build configuration list for PBXNativeTarget "TalkBack" */;
			buildPhases = (
				55910BE916F4397700175880 /* Sources */,
				55910BEA16F4397700175880 /* Frameworks */,
				55910BEB16F4397700175880 /* Resources */,
			);
			buildRules = (
			);
			dependencies = (
			);
			name = TalkBack;
			productName = TalkBack;
			productReference = 55910BED16F4397800175880 /* TalkBack.app */;
			productType = "com.apple.product-type.application";
		};
/* End PBXNativeTarget section */

/* Begin PBXProject section */
		55910BE416F4397600175880 /* Project object */ = {
			isa = PBXProject;
			buildConfigurationList = 55910BE716F4397600175880 /* Build configuration list for PBXProject "TalkBack" */;
			compatibilityVersion = "Xcode 3.2";
			developmentRegion = English;
			hasScannedForEncodings = 0;
			knownRegions = (
				en,
			);
			mainGroup = 55910BE216F4397600175880;
			productRefGroup = 55910BEE16F4397800175880 /* Products */;
			projectDirPath = "";
			projectRoot = "";
			targets = (
				55910BEC16F4397700175880 /* TalkBack */,
			);
		};
/* End PBXProject section */

/* Begin PBXResourcesBuildPhase section */
		55910BEB16F4397700175880 /* Resources */ = {
			isa = PBXResourcesBuildPhase;
			buildActionMask = 2147483647;
			files = (
				55910BFC16F4397800175880 /* InfoPlist.strings in Resources */,
				55910C0516F4397900175880 /* MainWindow.xib in Resources */,
				55910C0B16F4397900175880 /* TalkBackViewController.xib in Resources */,
				8540788816F44E3F00021164 /* cmu07a.dic in Resources */,
				8540788916F44E3F00021164 /* feat.params in Resources */,
				8540788A16F44E3F00021164 /* mdef in Resources */,
				8540788B16F44E3F00021164 /* means in Resources */,
				8540788C16F44E3F00021164 /* noisedict in Resources */,
				8540788D16F44E3F00021164 /* sendump in Resources */,
				8540788E16F44E3F00021164 /* transition_matrices in Resources */,
				8540788F16F44E3F00021164 /* variances in Resources */,
				8540789116F44E3F00021164 /* OpenEars1.dic in Resources */,
				8540789216F44E3F00021164 /* OpenEars1.gram in Resources */,
				8540789316F44E3F00021164 /* OpenEars1.languagemodel in Resources */,
				8540789416F44E3F00021164 /* OpenEars2.gram in Resources */,
				8540789516F44E3F00021164 /* OpenEarsCorpus.txt in Resources */,
				4924F45016F516FC002796E1 /* All.data in Resources */,
				8531A84F16F568D300893996 /* DOG_01.png in Resources */,
				8531A85016F568D300893996 /* DOG_02.png in Resources */,
				8531A85116F568D300893996 /* DOG_03.png in Resources */,
				8531A85216F568D300893996 /* DOG_04.png in Resources */,
				8531A85316F568D300893996 /* DOG_05.png in Resources */,
				8531A85416F568D300893996 /* DOG_06.png in Resources */,
				8531A85516F568D300893996 /* DOG_07.png in Resources */,
				8531A85616F568D300893996 /* DOG_08.png in Resources */,
				8531A86116F568E200893996 /* POPCORN_01.png in Resources */,
				8531A86216F568E200893996 /* POPCORN_02.png in Resources */,
				8531A86316F568E200893996 /* POPCORN_03.png in Resources */,
				8531A86416F568E200893996 /* POPCORN_04.png in Resources */,
				8531A86516F568E200893996 /* POPCORN_05.png in Resources */,
				8531A86616F568E200893996 /* POPCORN_06.png in Resources */,
				8531A86716F568E200893996 /* POPCORN_07.png in Resources */,
				8531A86816F568E200893996 /* POPCORN_08.png in Resources */,
				8531A86916F568E200893996 /* POPCORN_09.png in Resources */,
				8531A86A16F568E200893996 /* POPCORN_10.png in Resources */,
				8531A87E16F568F800893996 /* BALL_00.png in Resources */,
				8531A87F16F568F800893996 /* BALL_01.png in Resources */,
				8531A88016F568F800893996 /* BALL_02.png in Resources */,
				8531A88116F568F800893996 /* BALL_03.png in Resources */,
				8531A88216F568F800893996 /* BALL_04.png in Resources */,
				8531A88316F568F800893996 /* BALL_05.png in Resources */,
				8531A88416F568F800893996 /* BALL_06.png in Resources */,
				8531A88516F568F800893996 /* BALL_07.png in Resources */,
				8531A88616F568F800893996 /* BALL_08.png in Resources */,
				8531A88716F568F800893996 /* BALL_09.png in Resources */,
				8531A88816F568F800893996 /* BALL_10.png in Resources */,
				8531A88916F568F800893996 /* BALL_11.png in Resources */,
				8531A88A16F568F800893996 /* BALL_12.png in Resources */,
				8531A88B16F568F800893996 /* BALL_13.png in Resources */,
				8531A88C16F568F800893996 /* BALL_14.png in Resources */,
				8531A88D16F568F800893996 /* BALL_15.png in Resources */,
				8531A88E16F568F800893996 /* BALL_16.png in Resources */,
				8531A88F16F568F800893996 /* BALL_17.png in Resources */,
				8531A89016F568F800893996 /* BALL_18.png in Resources */,
				8531A95816F5797500893996 /* COMPUTER_01.png in Resources */,
				8531A95916F5797500893996 /* COMPUTER_02.png in Resources */,
				8531A95A16F5797500893996 /* COMPUTER_03.png in Resources */,
				8531A95B16F5797500893996 /* COMPUTER_04.png in Resources */,
				8531A95C16F5797500893996 /* COMPUTER_05.png in Resources */,
				8531A95D16F5797500893996 /* COMPUTER_06.png in Resources */,
				8531A95E16F5797500893996 /* COMPUTER_07.png in Resources */,
				8531A95F16F5797500893996 /* COMPUTER_08.png in Resources */,
				8531A96016F5797500893996 /* COMPUTER_09.png in Resources */,
				8531A96116F5797500893996 /* COMPUTER_10.png in Resources */,
				8531AA8616F58ED600893996 /* TOYS.data in Resources */,
				8531AA8816F58F3200893996 /* FOOD.data in Resources */,
				8531AA8A16F58F5600893996 /* ANIMALS.data in Resources */,
				8531AABD16F59ABF00893996 /* JUICE_000.png in Resources */,
				8531AABE16F59ABF00893996 /* JUICE_001.png in Resources */,
			);
			runOnlyForDeploymentPostprocessing = 0;
		};
/* End PBXResourcesBuildPhase section */

/* Begin PBXSourcesBuildPhase section */
		55910BE916F4397700175880 /* Sources */ = {
			isa = PBXSourcesBuildPhase;
			buildActionMask = 2147483647;
			files = (
				55910BFF16F4397800175880 /* main.m in Sources */,
				55910C0216F4397800175880 /* TalkBackAppDelegate.m in Sources */,
				55910C0816F4397900175880 /* TalkBackViewController.m in Sources */,
				8531A69C16F5136000893996 /* Item.m in Sources */,
				4924F44C16F51522002796E1 /* ItemCollection.m in Sources */,
			);
			runOnlyForDeploymentPostprocessing = 0;
		};
/* End PBXSourcesBuildPhase section */

/* Begin PBXVariantGroup section */
		55910BFA16F4397800175880 /* InfoPlist.strings */ = {
			isa = PBXVariantGroup;
			children = (
				55910BFB16F4397800175880 /* en */,
			);
			name = InfoPlist.strings;
			sourceTree = "<group>";
		};
		55910C0316F4397900175880 /* MainWindow.xib */ = {
			isa = PBXVariantGroup;
			children = (
				55910C0416F4397900175880 /* en */,
			);
			name = MainWindow.xib;
			sourceTree = "<group>";
		};
		55910C0916F4397900175880 /* TalkBackViewController.xib */ = {
			isa = PBXVariantGroup;
			children = (
				55910C0A16F4397900175880 /* en */,
			);
			name = TalkBackViewController.xib;
			sourceTree = "<group>";
		};
/* End PBXVariantGroup section */

/* Begin XCBuildConfiguration section */
		55910C0C16F4397900175880 /* Debug */ = {
			isa = XCBuildConfiguration;
			buildSettings = {
				ARCHS = "$(ARCHS_UNIVERSAL_IPHONE_OS)";
				"CODE_SIGN_IDENTITY[sdk=iphoneos*]" = "iPhone Developer";
				GCC_C_LANGUAGE_STANDARD = gnu99;
				GCC_OPTIMIZATION_LEVEL = 0;
				GCC_PREPROCESSOR_DEFINITIONS = DEBUG;
				GCC_SYMBOLS_PRIVATE_EXTERN = NO;
				GCC_VERSION = com.apple.compilers.llvmgcc42;
				GCC_WARN_ABOUT_RETURN_TYPE = YES;
				GCC_WARN_UNUSED_VARIABLE = YES;
				IPHONEOS_DEPLOYMENT_TARGET = 4.3;
				SDKROOT = iphoneos;
				TARGETED_DEVICE_FAMILY = 2;
			};
			name = Debug;
		};
		55910C0D16F4397900175880 /* Release */ = {
			isa = XCBuildConfiguration;
			buildSettings = {
				ARCHS = "$(ARCHS_UNIVERSAL_IPHONE_OS)";
				"CODE_SIGN_IDENTITY[sdk=iphoneos*]" = "iPhone Developer";
				GCC_C_LANGUAGE_STANDARD = gnu99;
				GCC_VERSION = com.apple.compilers.llvmgcc42;
				GCC_WARN_ABOUT_RETURN_TYPE = YES;
				GCC_WARN_UNUSED_VARIABLE = YES;
				IPHONEOS_DEPLOYMENT_TARGET = 4.3;
				OTHER_CFLAGS = "-DNS_BLOCK_ASSERTIONS=1";
				SDKROOT = iphoneos;
				TARGETED_DEVICE_FAMILY = 2;
			};
			name = Release;
		};
		55910C0F16F4397900175880 /* Debug */ = {
			isa = XCBuildConfiguration;
			buildSettings = {
				ALWAYS_SEARCH_USER_PATHS = NO;
				COPY_PHASE_STRIP = NO;
				FRAMEWORK_SEARCH_PATHS = (
					"$(inherited)",
					"\"$(SRCROOT)/Framework\"",
				);
				GCC_DYNAMIC_NO_PIC = NO;
				GCC_PRECOMPILE_PREFIX_HEADER = YES;
				GCC_PREFIX_HEADER = "TalkBack/TalkBack-Prefix.pch";
				INFOPLIST_FILE = "TalkBack/TalkBack-Info.plist";
				PRODUCT_NAME = "$(TARGET_NAME)";
				WRAPPER_EXTENSION = app;
			};
			name = Debug;
		};
		55910C1016F4397900175880 /* Release */ = {
			isa = XCBuildConfiguration;
			buildSettings = {
				ALWAYS_SEARCH_USER_PATHS = NO;
				COPY_PHASE_STRIP = YES;
				FRAMEWORK_SEARCH_PATHS = (
					"$(inherited)",
					"\"$(SRCROOT)/Framework\"",
				);
				GCC_PRECOMPILE_PREFIX_HEADER = YES;
				GCC_PREFIX_HEADER = "TalkBack/TalkBack-Prefix.pch";
				INFOPLIST_FILE = "TalkBack/TalkBack-Info.plist";
				PRODUCT_NAME = "$(TARGET_NAME)";
				VALIDATE_PRODUCT = YES;
				WRAPPER_EXTENSION = app;
			};
			name = Release;
		};
/* End XCBuildConfiguration section */

/* Begin XCConfigurationList section */
		55910BE716F4397600175880 /* Build configuration list for PBXProject "TalkBack" */ = {
			isa = XCConfigurationList;
			buildConfigurations = (
				55910C0C16F4397900175880 /* Debug */,
				55910C0D16F4397900175880 /* Release */,
			);
			defaultConfigurationIsVisible = 0;
			defaultConfigurationName = Release;
		};
		55910C0E16F4397900175880 /* Build configuration list for PBXNativeTarget "TalkBack" */ = {
			isa = XCConfigurationList;
			buildConfigurations = (
				55910C0F16F4397900175880 /* Debug */,
				55910C1016F4397900175880 /* Release */,
			);
			defaultConfigurationIsVisible = 0;
			defaultConfigurationName = Release;
		};
/* End XCConfigurationList section */
	};
	rootObject = 55910BE416F4397600175880 /* Project object */;
}
